{
  "name": "neon-solidity",
  "version": "1.0.0",
  "lockfileVersion": 2,
  "requires": true,
  "packages": {
    "": {
      "name": "neon-solidity",
      "version": "1.0.0",
      "license": "ISC",
      "devDependencies": {
        "@openzeppelin/contracts": "^5.0.0",
        "@openzeppelin/contracts-upgradeable": "^5.0.0"
      }
    },
    "node_modules/@openzeppelin/contracts": {
      "version": "5.0.0",
      "resolved": "https://registry.npmjs.org/@openzeppelin/contracts/-/contracts-5.0.0.tgz",
      "integrity": "sha512-bv2sdS6LKqVVMLI5+zqnNrNU/CA+6z6CmwFXm/MzmOPBRSO5reEJN7z0Gbzvs0/bv/MZZXNklubpwy3v2+azsw==",
      "dev": true
    },
    "node_modules/@openzeppelin/contracts-upgradeable": {
      "version": "5.0.0",
      "resolved": "https://registry.npmjs.org/@openzeppelin/contracts-upgradeable/-/contracts-upgradeable-5.0.0.tgz",
      "integrity": "sha512-D54RHzkOKHQ8xUssPgQe2d/U92mwaiBDY7qCCVGq6VqwQjsT3KekEQ3bonev+BLP30oZ0R1U6YC8/oLpizgC5Q==",
      "dev": true,
      "peerDependencies": {
        "@openzeppelin/contracts": "5.0.0"
      }
    }
  },
  "dependencies": {
    "@openzeppelin/contracts": {
      "version": "5.0.0",
      "resolved": "https://registry.npmjs.org/@openzeppelin/contracts/-/contracts-5.0.0.tgz",
      "integrity": "sha512-bv2sdS6LKqVVMLI5+zqnNrNU/CA+6z6CmwFXm/MzmOPBRSO5reEJN7z0Gbzvs0/bv/MZZXNklubpwy3v2+azsw==",
      "dev": true
    },
    "@openzeppelin/contracts-upgradeable": {
      "version": "5.0.0",
      "resolved": "https://registry.npmjs.org/@openzeppelin/contracts-upgradeable/-/contracts-upgradeable-5.0.0.tgz",
      "integrity": "sha512-D54RHzkOKHQ8xUssPgQe2d/U92mwaiBDY7qCCVGq6VqwQjsT3KekEQ3bonev+BLP30oZ0R1U6YC8/oLpizgC5Q==",
      "dev": true,
      "requires": {}
    }
  }
}
