{
  "nodes": {
    "cargo2nix": {
      "inputs": {
        "flake-compat": "flake-compat",
        "flake-utils": [
          "flake-utils"
        ],
        "nixpkgs": [
          "nixpkgs"
        ],
        "rust-overlay": [
          "rust-overlay"
        ]
      },
      "locked": {
        "lastModified": 1673511833,
        "narHash": "sha256-pna6AwbAQtdvdayBpCzHw6W/Dp7WM+X+481Boy5vmK8=",
        "owner": "cargo2nix",
        "repo": "cargo2nix",
        "rev": "8fb57a670f7993bfc24099c33eb9c5abb51f29a2",
        "type": "github"
      },
      "original": {
        "owner": "cargo2nix",
        "ref": "unstable",
        "repo": "cargo2nix",
        "type": "github"
      }
    },
    "flake-compat": {
      "flake": false,
      "locked": {
        "lastModified": 1650374568,
        "narHash": "sha256-Z+s0J8/r907g149rllvwhb4pKi8Wam5ij0st8PwAh+E=",
        "owner": "edolstra",
        "repo": "flake-compat",
        "rev": "b4a34015c698c7793d592d66adbab377907a2be8",
        "type": "github"
      },
      "original": {
        "owner": "edolstra",
        "repo": "flake-compat",
        "type": "github"
      }
    },
    "flake-utils": {
      "locked": {
        "lastModified": 1667395993,
        "narHash": "sha256-nuEHfE/LcWyuSWnS8t12N1wc105Qtau+/OdUAjtQ0rA=",
        "owner": "numtide",
        "repo": "flake-utils",
        "rev": "5aed5285a952e0b949eb3ba02c12fa4fcfef535f",
        "type": "github"
      },
      "original": {
        "owner": "numtide",
        "repo": "flake-utils",
        "type": "github"
      }
    },
    "nixpkgs": {
      "locked": {
        "lastModified": 1675153841,
        "narHash": "sha256-EWvU3DLq+4dbJiukfhS7r6sWZyJikgXn6kNl7eHljW8=",
        "owner": "NixOS",
        "repo": "nixpkgs",
        "rev": "ea692c2ad1afd6384e171eabef4f0887d2b882d3",
        "type": "github"
      },
      "original": {
        "owner": "NixOS",
        "ref": "nixpkgs-unstable",
        "repo": "nixpkgs",
        "type": "github"
      }
    },
    "root": {
      "inputs": {
        "cargo2nix": "cargo2nix",
        "flake-utils": "flake-utils",
        "nixpkgs": "nixpkgs",
        "rust-overlay": "rust-overlay"
      }
    },
    "rust-overlay": {
      "inputs": {
        "flake-utils": [
          "flake-utils"
        ],
        "nixpkgs": [
          "nixpkgs"
        ]
      },
      "locked": {
        "lastModified": 1675132198,
        "narHash": "sha256-izOVjdIfdv0OzcfO9rXX0lfGkQn4tdJ0eNm3P3LYo/o=",
        "owner": "oxalica",
        "repo": "rust-overlay",
        "rev": "48b1403150c3f5a9aeee8bc4c77c8926f29c6501",
        "type": "github"
      },
      "original": {
        "owner": "oxalica",
        "repo": "rust-overlay",
        "type": "github"
      }
    }
  },
  "root": "root",
  "version": 7
}
